
Microsoft Visual Studio Solution File, Format Version 12.00
# Visual Studio Version 17
VisualStudioVersion = 17.7.34031.279
MinimumVisualStudioVersion = 10.0.40219.1
Project("{9A19103F-16F7-4668-BE54-9A1E7A4F7556}") = "CleanBlog", "CleanBlog\CleanBlog.csproj", "{37D194E1-8F16-46C1-9FEC-1960E08E191A}"
EndProject
Global
	GlobalSection(SolutionConfigurationPlatforms) = preSolution
		Debug|Any CPU = Debug|Any CPU
		Release|Any CPU = Release|Any CPU
	EndGlobalSection
	GlobalSection(ProjectConfigurationPlatforms) = postSolution
		{37D194E1-8F16-46C1-9FEC-1960E08E191A}.Debug|Any CPU.ActiveCfg = Release|Any CPU
		{37D194E1-8F16-46C1-9FEC-1960E08E191A}.Debug|Any CPU.Build.0 = Release|Any CPU
		{37D194E1-8F16-46C1-9FEC-1960E08E191A}.Release|Any CPU.ActiveCfg = Release|Any CPU
		{37D194E1-8F16-46C1-9FEC-1960E08E191A}.Release|Any CPU.Build.0 = Release|Any CPU
	EndGlobalSection
	GlobalSection(SolutionProperties) = preSolution
		HideSolutionNode = FALSE
	EndGlobalSection
	GlobalSection(ExtensibilityGlobals) = postSolution
		SolutionGuid = {57B7006B-A48A-4145-B7C6-0CDE74BBDBDB}
	EndGlobalSection
EndGlobal
